
Microsoft Visual Studio Solution File, Format Version 12.00
# Visual Studio 2012
Project("{FAE04EC0-301F-11D3-BF4B-00C04F79EFBC}") = "Aula06", "Aula06\Aula06.csproj", "{17196578-C3F6-435B-92AB-B313153D785D}"
EndProject
Global
	GlobalSection(SolutionConfigurationPlatforms) = preSolution
		Debug|Any CPU = Debug|Any CPU
		Release|Any CPU = Release|Any CPU
	EndGlobalSection
	GlobalSection(ProjectConfigurationPlatforms) = postSolution
		{17196578-C3F6-435B-92AB-B313153D785D}.Debug|Any CPU.ActiveCfg = Debug|Any CPU
		{17196578-C3F6-435B-92AB-B313153D785D}.Debug|Any CPU.Build.0 = Debug|Any CPU
		{17196578-C3F6-435B-92AB-B313153D785D}.Release|Any CPU.ActiveCfg = Release|Any CPU
		{17196578-C3F6-435B-92AB-B313153D785D}.Release|Any CPU.Build.0 = Release|Any CPU
	EndGlobalSection
	GlobalSection(SolutionProperties) = preSolution
		HideSolutionNode = FALSE
	EndGlobalSection
EndGlobal
